// !$*UTF8*$!
{
	archiveVersion = 1;
	classes = {
	};
	objectVersion = 46;
	objects = {

/* Begin PBXBuildFile section */
		6145BB72A23BBBDF1D0CD3DB /* Pods_ExampleProject.framework in Frameworks */ = {isa = PBXBuildFile; fileRef = 096972DAAC5E518181E14ED5 /* Pods_ExampleProject.framework */; };
		B173CD141E93F27600960BCE /* AppDelegate.swift in Sources */ = {isa = PBXBuildFile; fileRef = B173CD131E93F27600960BCE /* AppDelegate.swift */; };
		B173CD1B1E93F27600960BCE /* Assets.xcassets in Resources */ = {isa = PBXBuildFile; fileRef = B173CD1A1E93F27600960BCE /* Assets.xcassets */; };
		B173CD1E1E93F27600960BCE /* LaunchScreen.storyboard in Resources */ = {isa = PBXBuildFile; fileRef = B173CD1C1E93F27600960BCE /* LaunchScreen.storyboard */; };
		B173CD2C1E93F32300960BCE /* MainView.swift in Sources */ = {isa = PBXBuildFile; fileRef = B173CD2A1E93F32300960BCE /* MainView.swift */; };
		B173CD2D1E93F32300960BCE /* MainViewController.swift in Sources */ = {isa = PBXBuildFile; fileRef = B173CD2B1E93F32300960BCE /* MainViewController.swift */; };
		B173CD2F1E93F3B900960BCE /* ButtonsDemoPresenter.swift in Sources */ = {isa = PBXBuildFile; fileRef = B173CD2E1E93F3B900960BCE /* ButtonsDemoPresenter.swift */; };
/* End PBXBuildFile section */

/* Begin PBXFileReference section */
		096972DAAC5E518181E14ED5 /* Pods_ExampleProject.framework */ = {isa = PBXFileReference; explicitFileType = wrapper.framework; includeInIndex = 0; path = Pods_ExampleProject.framework; sourceTree = BUILT_PRODUCTS_DIR; };
		3749EEC597E613FCFCEED8FB /* Pods-ExampleProject.release.xcconfig */ = {isa = PBXFileReference; includeInIndex = 1; lastKnownFileType = text.xcconfig; name = "Pods-ExampleProject.release.xcconfig"; path = "Pods/Target Support Files/Pods-ExampleProject/Pods-ExampleProject.release.xcconfig"; sourceTree = "<group>"; };
		B173CD101E93F27600960BCE /* ExampleProject.app */ = {isa = PBXFileReference; explicitFileType = wrapper.application; includeInIndex = 0; path = ExampleProject.app; sourceTree = BUILT_PRODUCTS_DIR; };
		B173CD131E93F27600960BCE /* AppDelegate.swift */ = {isa = PBXFileReference; lastKnownFileType = sourcecode.swift; path = AppDelegate.swift; sourceTree = "<group>"; };
		B173CD1A1E93F27600960BCE /* Assets.xcassets */ = {isa = PBXFileReference; lastKnownFileType = folder.assetcatalog; path = Assets.xcassets; sourceTree = "<group>"; };
		B173CD1D1E93F27600960BCE /* Base */ = {isa = PBXFileReference; lastKnownFileType = file.storyboard; name = Base; path = Base.lproj/LaunchScreen.storyboard; sourceTree = "<group>"; };
		B173CD1F1E93F27600960BCE /* Info.plist */ = {isa = PBXFileReference; lastKnownFileType = text.plist.xml; path = Info.plist; sourceTree = "<group>"; };
		B173CD2A1E93F32300960BCE /* MainView.swift */ = {isa = PBXFileReference; fileEncoding = 4; lastKnownFileType = sourcecode.swift; name = MainView.swift; path = MainViewController/MainView.swift; sourceTree = "<group>"; };
		B173CD2B1E93F32300960BCE /* MainViewController.swift */ = {isa = PBXFileReference; fileEncoding = 4; lastKnownFileType = sourcecode.swift; name = MainViewController.swift; path = MainViewController/MainViewController.swift; sourceTree = "<group>"; };
		B173CD2E1E93F3B900960BCE /* ButtonsDemoPresenter.swift */ = {isa = PBXFileReference; fileEncoding = 4; lastKnownFileType = sourcecode.swift; path = ButtonsDemoPresenter.swift; sourceTree = "<group>"; };
		C80B2B2FCA73177DDCBC9ED0 /* Pods-ExampleProject.debug.xcconfig */ = {isa = PBXFileReference; includeInIndex = 1; lastKnownFileType = text.xcconfig; name = "Pods-ExampleProject.debug.xcconfig"; path = "Pods/Target Support Files/Pods-ExampleProject/Pods-ExampleProject.debug.xcconfig"; sourceTree = "<group>"; };
/* End PBXFileReference section */

/* Begin PBXFrameworksBuildPhase section */
		B173CD0D1E93F27600960BCE /* Frameworks */ = {
			isa = PBXFrameworksBuildPhase;
			buildActionMask = 2147483647;
			files = (
				6145BB72A23BBBDF1D0CD3DB /* Pods_ExampleProject.framework in Frameworks */,
			);
			runOnlyForDeploymentPostprocessing = 0;
		};
/* End PBXFrameworksBuildPhase section */

/* Begin PBXGroup section */
		3673BB6B1FA7784C5A38597D /* Pods */ = {
			isa = PBXGroup;
			children = (
				C80B2B2FCA73177DDCBC9ED0 /* Pods-ExampleProject.debug.xcconfig */,
				3749EEC597E613FCFCEED8FB /* Pods-ExampleProject.release.xcconfig */,
			);
			name = Pods;
			sourceTree = "<group>";
		};
		B173CD071E93F27600960BCE = {
			isa = PBXGroup;
			children = (
				B173CD121E93F27600960BCE /* ExampleProject */,
				B173CD111E93F27600960BCE /* Products */,
				3673BB6B1FA7784C5A38597D /* Pods */,
				E62205CD4A48FA0C172F83F7 /* Frameworks */,
			);
			sourceTree = "<group>";
		};
		B173CD111E93F27600960BCE /* Products */ = {
			isa = PBXGroup;
			children = (
				B173CD101E93F27600960BCE /* ExampleProject.app */,
			);
			name = Products;
			sourceTree = "<group>";
		};
		B173CD121E93F27600960BCE /* ExampleProject */ = {
			isa = PBXGroup;
			children = (
				B173CD2E1E93F3B900960BCE /* ButtonsDemoPresenter.swift */,
				B173CD291E93F31800960BCE /* MainViewController */,
				B173CD131E93F27600960BCE /* AppDelegate.swift */,
				B173CD1A1E93F27600960BCE /* Assets.xcassets */,
				B173CD1C1E93F27600960BCE /* LaunchScreen.storyboard */,
				B173CD1F1E93F27600960BCE /* Info.plist */,
			);
			path = ExampleProject;
			sourceTree = "<group>";
		};
		B173CD291E93F31800960BCE /* MainViewController */ = {
			isa = PBXGroup;
			children = (
				B173CD2A1E93F32300960BCE /* MainView.swift */,
				B173CD2B1E93F32300960BCE /* MainViewController.swift */,
			);
			name = MainViewController;
			sourceTree = "<group>";
		};
		E62205CD4A48FA0C172F83F7 /* Frameworks */ = {
			isa = PBXGroup;
			children = (
				096972DAAC5E518181E14ED5 /* Pods_ExampleProject.framework */,
			);
			name = Frameworks;
			sourceTree = "<group>";
		};
/* End PBXGroup section */

/* Begin PBXNativeTarget section */
		B173CD0F1E93F27600960BCE /* ExampleProject */ = {
			isa = PBXNativeTarget;
			buildConfigurationList = B173CD221E93F27600960BCE /* Build configuration list for PBXNativeTarget "ExampleProject" */;
			buildPhases = (
				5D90A065C8D1E58538FFD66E /* [CP] Check Pods Manifest.lock */,
				B173CD0C1E93F27600960BCE /* Sources */,
				B173CD0D1E93F27600960BCE /* Frameworks */,
				B173CD0E1E93F27600960BCE /* Resources */,
				23E810CA291CA816E5E2CDBE /* [CP] Embed Pods Frameworks */,
				55BBED0E64908182127A59E8 /* [CP] Copy Pods Resources */,
			);
			buildRules = (
			);
			dependencies = (
			);
			name = ExampleProject;
			productName = ExampleProject;
			productReference = B173CD101E93F27600960BCE /* ExampleProject.app */;
			productType = "com.apple.product-type.application";
		};
/* End PBXNativeTarget section */

/* Begin PBXProject section */
		B173CD081E93F27600960BCE /* Project object */ = {
			isa = PBXProject;
			attributes = {
				LastSwiftUpdateCheck = 0830;
				LastUpgradeCheck = 0830;
				ORGANIZATIONNAME = "Robert Herdzik";
				TargetAttributes = {
					B173CD0F1E93F27600960BCE = {
						CreatedOnToolsVersion = 8.3;
						LastSwiftMigration = 0900;
						ProvisioningStyle = Automatic;
					};
				};
			};
			buildConfigurationList = B173CD0B1E93F27600960BCE /* Build configuration list for PBXProject "ExampleProject" */;
			compatibilityVersion = "Xcode 3.2";
			developmentRegion = English;
			hasScannedForEncodings = 0;
			knownRegions = (
				en,
				Base,
			);
			mainGroup = B173CD071E93F27600960BCE;
			productRefGroup = B173CD111E93F27600960BCE /* Products */;
			projectDirPath = "";
			projectRoot = "";
			targets = (
				B173CD0F1E93F27600960BCE /* ExampleProject */,
			);
		};
/* End PBXProject section */

/* Begin PBXResourcesBuildPhase section */
		B173CD0E1E93F27600960BCE /* Resources */ = {
			isa = PBXResourcesBuildPhase;
			buildActionMask = 2147483647;
			files = (
				B173CD1E1E93F27600960BCE /* LaunchScreen.storyboard in Resources */,
				B173CD1B1E93F27600960BCE /* Assets.xcassets in Resources */,
			);
			runOnlyForDeploymentPostprocessing = 0;
		};
/* End PBXResourcesBuildPhase section */

/* Begin PBXShellScriptBuildPhase section */
		23E810CA291CA816E5E2CDBE /* [CP] Embed Pods Frameworks */ = {
			isa = PBXShellScriptBuildPhase;
			buildActionMask = 2147483647;
			files = (
			);
			inputPaths = (
			);
			name = "[CP] Embed Pods Frameworks";
			outputPaths = (
			);
			runOnlyForDeploymentPostprocessing = 0;
			shellPath = /bin/sh;
			shellScript = "\"${SRCROOT}/Pods/Target Support Files/Pods-ExampleProject/Pods-ExampleProject-frameworks.sh\"\n";
			showEnvVarsInLog = 0;
		};
		55BBED0E64908182127A59E8 /* [CP] Copy Pods Resources */ = {
			isa = PBXShellScriptBuildPhase;
			buildActionMask = 2147483647;
			files = (
			);
			inputPaths = (
			);
			name = "[CP] Copy Pods Resources";
			outputPaths = (
			);
			runOnlyForDeploymentPostprocessing = 0;
			shellPath = /bin/sh;
			shellScript = "\"${SRCROOT}/Pods/Target Support Files/Pods-ExampleProject/Pods-ExampleProject-resources.sh\"\n";
			showEnvVarsInLog = 0;
		};
		5D90A065C8D1E58538FFD66E /* [CP] Check Pods Manifest.lock */ = {
			isa = PBXShellScriptBuildPhase;
			buildActionMask = 2147483647;
			files = (
			);
			inputPaths = (
			);
			name = "[CP] Check Pods Manifest.lock";
			outputPaths = (
			);
			runOnlyForDeploymentPostprocessing = 0;
			shellPath = /bin/sh;
			shellScript = "diff \"${PODS_PODFILE_DIR_PATH}/Podfile.lock\" \"${PODS_ROOT}/Manifest.lock\" > /dev/null\nif [ $? != 0 ] ; then\n    # print error to STDERR\n    echo \"error: The sandbox is not in sync with the Podfile.lock. Run 'pod install' or update your CocoaPods installation.\" >&2\n    exit 1\nfi\n";
			showEnvVarsInLog = 0;
		};
/* End PBXShellScriptBuildPhase section */

/* Begin PBXSourcesBuildPhase section */
		B173CD0C1E93F27600960BCE /* Sources */ = {
			isa = PBXSourcesBuildPhase;
			buildActionMask = 2147483647;
			files = (
				B173CD2F1E93F3B900960BCE /* ButtonsDemoPresenter.swift in Sources */,
				B173CD2C1E93F32300960BCE /* MainView.swift in Sources */,
				B173CD141E93F27600960BCE /* AppDelegate.swift in Sources */,
				B173CD2D1E93F32300960BCE /* MainViewController.swift in Sources */,
			);
			runOnlyForDeploymentPostprocessing = 0;
		};
/* End PBXSourcesBuildPhase section */

/* Begin PBXVariantGroup section */
		B173CD1C1E93F27600960BCE /* LaunchScreen.storyboard */ = {
			isa = PBXVariantGroup;
			children = (
				B173CD1D1E93F27600960BCE /* Base */,
			);
			name = LaunchScreen.storyboard;
			sourceTree = "<group>";
		};
/* End PBXVariantGroup section */

/* Begin XCBuildConfiguration section */
		B173CD201E93F27600960BCE /* Debug */ = {
			isa = XCBuildConfiguration;
			buildSettings = {
				ALWAYS_SEARCH_USER_PATHS = NO;
				CLANG_ANALYZER_NONNULL = YES;
				CLANG_ANALYZER_NUMBER_OBJECT_CONVERSION = YES_AGGRESSIVE;
				CLANG_CXX_LANGUAGE_STANDARD = "gnu++0x";
				CLANG_CXX_LIBRARY = "libc++";
				CLANG_ENABLE_MODULES = YES;
				CLANG_ENABLE_OBJC_ARC = YES;
				CLANG_WARN_BOOL_CONVERSION = YES;
				CLANG_WARN_CONSTANT_CONVERSION = YES;
				CLANG_WARN_DIRECT_OBJC_ISA_USAGE = YES_ERROR;
				CLANG_WARN_DOCUMENTATION_COMMENTS = YES;
				CLANG_WARN_EMPTY_BODY = YES;
				CLANG_WARN_ENUM_CONVERSION = YES;
				CLANG_WARN_INFINITE_RECURSION = YES;
				CLANG_WARN_INT_CONVERSION = YES;
				CLANG_WARN_OBJC_ROOT_CLASS = YES_ERROR;
				CLANG_WARN_SUSPICIOUS_MOVE = YES;
				CLANG_WARN_UNREACHABLE_CODE = YES;
				CLANG_WARN__DUPLICATE_METHOD_MATCH = YES;
				"CODE_SIGN_IDENTITY[sdk=iphoneos*]" = "iPhone Developer";
				COPY_PHASE_STRIP = NO;
				DEBUG_INFORMATION_FORMAT = dwarf;
				ENABLE_STRICT_OBJC_MSGSEND = YES;
				ENABLE_TESTABILITY = YES;
				GCC_C_LANGUAGE_STANDARD = gnu99;
				GCC_DYNAMIC_NO_PIC = NO;
				GCC_NO_COMMON_BLOCKS = YES;
				GCC_OPTIMIZATION_LEVEL = 0;
				GCC_PREPROCESSOR_DEFINITIONS = (
					"DEBUG=1",
					"$(inherited)",
				);
				GCC_WARN_64_TO_32_BIT_CONVERSION = YES;
				GCC_WARN_ABOUT_RETURN_TYPE = YES_ERROR;
				GCC_WARN_UNDECLARED_SELECTOR = YES;
				GCC_WARN_UNINITIALIZED_AUTOS = YES_AGGRESSIVE;
				GCC_WARN_UNUSED_FUNCTION = YES;
				GCC_WARN_UNUSED_VARIABLE = YES;
				IPHONEOS_DEPLOYMENT_TARGET = 10.3;
				MTL_ENABLE_DEBUG_INFO = YES;
				ONLY_ACTIVE_ARCH = YES;
				SDKROOT = iphoneos;
				SWIFT_ACTIVE_COMPILATION_CONDITIONS = DEBUG;
				SWIFT_OPTIMIZATION_LEVEL = "-Onone";
				TARGETED_DEVICE_FAMILY = "1,2";
			};
			name = Debug;
		};
		B173CD211E93F27600960BCE /* Release */ = {
			isa = XCBuildConfiguration;
			buildSettings = {
				ALWAYS_SEARCH_USER_PATHS = NO;
				CLANG_ANALYZER_NONNULL = YES;
				CLANG_ANALYZER_NUMBER_OBJECT_CONVERSION = YES_AGGRESSIVE;
				CLANG_CXX_LANGUAGE_STANDARD = "gnu++0x";
				CLANG_CXX_LIBRARY = "libc++";
				CLANG_ENABLE_MODULES = YES;
				CLANG_ENABLE_OBJC_ARC = YES;
				CLANG_WARN_BOOL_CONVERSION = YES;
				CLANG_WARN_CONSTANT_CONVERSION = YES;
				CLANG_WARN_DIRECT_OBJC_ISA_USAGE = YES_ERROR;
				CLANG_WARN_DOCUMENTATION_COMMENTS = YES;
				CLANG_WARN_EMPTY_BODY = YES;
				CLANG_WARN_ENUM_CONVERSION = YES;
				CLANG_WARN_INFINITE_RECURSION = YES;
				CLANG_WARN_INT_CONVERSION = YES;
				CLANG_WARN_OBJC_ROOT_CLASS = YES_ERROR;
				CLANG_WARN_SUSPICIOUS_MOVE = YES;
				CLANG_WARN_UNREACHABLE_CODE = YES;
				CLANG_WARN__DUPLICATE_METHOD_MATCH = YES;
				"CODE_SIGN_IDENTITY[sdk=iphoneos*]" = "iPhone Developer";
				COPY_PHASE_STRIP = NO;
				DEBUG_INFORMATION_FORMAT = "dwarf-with-dsym";
				ENABLE_NS_ASSERTIONS = NO;
				ENABLE_STRICT_OBJC_MSGSEND = YES;
				GCC_C_LANGUAGE_STANDARD = gnu99;
				GCC_NO_COMMON_BLOCKS = YES;
				GCC_WARN_64_TO_32_BIT_CONVERSION = YES;
				GCC_WARN_ABOUT_RETURN_TYPE = YES_ERROR;
				GCC_WARN_UNDECLARED_SELECTOR = YES;
				GCC_WARN_UNINITIALIZED_AUTOS = YES_AGGRESSIVE;
				GCC_WARN_UNUSED_FUNCTION = YES;
				GCC_WARN_UNUSED_VARIABLE = YES;
				IPHONEOS_DEPLOYMENT_TARGET = 10.3;
				MTL_ENABLE_DEBUG_INFO = NO;
				SDKROOT = iphoneos;
				SWIFT_OPTIMIZATION_LEVEL = "-Owholemodule";
				TARGETED_DEVICE_FAMILY = "1,2";
				VALIDATE_PRODUCT = YES;
			};
			name = Release;
		};
		B173CD231E93F27600960BCE /* Debug */ = {
			isa = XCBuildConfiguration;
			baseConfigurationReference = C80B2B2FCA73177DDCBC9ED0 /* Pods-ExampleProject.debug.xcconfig */;
			buildSettings = {
				ASSETCATALOG_COMPILER_APPICON_NAME = AppIcon;
				INFOPLIST_FILE = ExampleProject/Info.plist;
				LD_RUNPATH_SEARCH_PATHS = "$(inherited) @executable_path/Frameworks";
				PRODUCT_BUNDLE_IDENTIFIER = x.ExampleProject;
				PRODUCT_NAME = "$(TARGET_NAME)";
				SWIFT_SWIFT3_OBJC_INFERENCE = On;
				SWIFT_VERSION = 4.0;
			};
			name = Debug;
		};
		B173CD241E93F27600960BCE /* Release */ = {
			isa = XCBuildConfiguration;
			baseConfigurationReference = 3749EEC597E613FCFCEED8FB /* Pods-ExampleProject.release.xcconfig */;
			buildSettings = {
				ASSETCATALOG_COMPILER_APPICON_NAME = AppIcon;
				INFOPLIST_FILE = ExampleProject/Info.plist;
				LD_RUNPATH_SEARCH_PATHS = "$(inherited) @executable_path/Frameworks";
				PRODUCT_BUNDLE_IDENTIFIER = x.ExampleProject;
				PRODUCT_NAME = "$(TARGET_NAME)";
				SWIFT_SWIFT3_OBJC_INFERENCE = On;
				SWIFT_VERSION = 4.0;
			};
			name = Release;
		};
/* End XCBuildConfiguration section */

/* Begin XCConfigurationList section */
		B173CD0B1E93F27600960BCE /* Build configuration list for PBXProject "ExampleProject" */ = {
			isa = XCConfigurationList;
			buildConfigurations = (
				B173CD201E93F27600960BCE /* Debug */,
				B173CD211E93F27600960BCE /* Release */,
			);
			defaultConfigurationIsVisible = 0;
			defaultConfigurationName = Release;
		};
		B173CD221E93F27600960BCE /* Build configuration list for PBXNativeTarget "ExampleProject" */ = {
			isa = XCConfigurationList;
			buildConfigurations = (
				B173CD231E93F27600960BCE /* Debug */,
				B173CD241E93F27600960BCE /* Release */,
			);
			defaultConfigurationIsVisible = 0;
			defaultConfigurationName = Release;
		};
/* End XCConfigurationList section */
	};
	rootObject = B173CD081E93F27600960BCE /* Project object */;
}
